// !$*UTF8*$!
{
	archiveVersion = 1;
	classes = {
	};
	objectVersion = 56;
	objects = {

/* Begin PBXBuildFile section */
		3809C440295AA68C00F1E054 /* LandmarksApp.swift in Sources */ = {isa = PBXBuildFile; fileRef = 3809C43F295AA68C00F1E054 /* LandmarksApp.swift */; };
		3809C442295AA68C00F1E054 /* ContentView.swift in Sources */ = {isa = PBXBuildFile; fileRef = 3809C441295AA68C00F1E054 /* ContentView.swift */; };
		3809C444295AA68D00F1E054 /* Assets.xcassets in Resources */ = {isa = PBXBuildFile; fileRef = 3809C443295AA68D00F1E054 /* Assets.xcassets */; };
		3809C447295AA68D00F1E054 /* Preview Assets.xcassets in Resources */ = {isa = PBXBuildFile; fileRef = 3809C446295AA68D00F1E054 /* Preview Assets.xcassets */; };
		3809C44E295ABC4400F1E054 /* CircleImage.swift in Sources */ = {isa = PBXBuildFile; fileRef = 3809C44D295ABC4400F1E054 /* CircleImage.swift */; };
		3809C450295ABE2D00F1E054 /* MapView.swift in Sources */ = {isa = PBXBuildFile; fileRef = 3809C44F295ABE2D00F1E054 /* MapView.swift */; };
		3809C452295ACA0000F1E054 /* landmarkData.json in Resources */ = {isa = PBXBuildFile; fileRef = 3809C451295ACA0000F1E054 /* landmarkData.json */; };
		3809C454295ACA3F00F1E054 /* Landmark.swift in Sources */ = {isa = PBXBuildFile; fileRef = 3809C453295ACA3F00F1E054 /* Landmark.swift */; };
		3809C456295ACD2E00F1E054 /* ModelData.swift in Sources */ = {isa = PBXBuildFile; fileRef = 3809C455295ACD2E00F1E054 /* ModelData.swift */; };
		3809C45B295B4A2B00F1E054 /* LandmarkRow.swift in Sources */ = {isa = PBXBuildFile; fileRef = 3809C45A295B4A2B00F1E054 /* LandmarkRow.swift */; };
		3809C45D295B81EC00F1E054 /* LandmarkList.swift in Sources */ = {isa = PBXBuildFile; fileRef = 3809C45C295B81EC00F1E054 /* LandmarkList.swift */; };
		3809C45F295BBB6600F1E054 /* LandmarkDetail.swift in Sources */ = {isa = PBXBuildFile; fileRef = 3809C45E295BBB6600F1E054 /* LandmarkDetail.swift */; };
		38CE14FF29EE61EC0021CD28 /* FavoriteButton.swift in Sources */ = {isa = PBXBuildFile; fileRef = 38CE14FE29EE61EC0021CD28 /* FavoriteButton.swift */; };
		38CE150329EE76B00021CD28 /* HexagonParameters.swift in Sources */ = {isa = PBXBuildFile; fileRef = 38CE150229EE76B00021CD28 /* HexagonParameters.swift */; };
		38CE150529EEE9A70021CD28 /* BadgeBackground.swift in Sources */ = {isa = PBXBuildFile; fileRef = 38CE150429EEE9A70021CD28 /* BadgeBackground.swift */; };
		38CE150929EEFEA40021CD28 /* BadgeSymbol.swift in Sources */ = {isa = PBXBuildFile; fileRef = 38CE150829EEFEA40021CD28 /* BadgeSymbol.swift */; };
		38CE150B29EF08430021CD28 /* RotatedBadgeSymbol.swift in Sources */ = {isa = PBXBuildFile; fileRef = 38CE150A29EF08430021CD28 /* RotatedBadgeSymbol.swift */; };
		38CE150D29EF09150021CD28 /* Badge.swift in Sources */ = {isa = PBXBuildFile; fileRef = 38CE150C29EF09150021CD28 /* Badge.swift */; };
		38CE151229EF0FE80021CD28 /* hikeData.json in Resources */ = {isa = PBXBuildFile; fileRef = 38CE151129EF0FE80021CD28 /* hikeData.json */; };
		38CE151429EF10360021CD28 /* Hike.swift in Sources */ = {isa = PBXBuildFile; fileRef = 38CE151329EF10360021CD28 /* Hike.swift */; };
		38CE151A29EF11C30021CD28 /* GraphCapsule.swift in Sources */ = {isa = PBXBuildFile; fileRef = 38CE151629EF11C30021CD28 /* GraphCapsule.swift */; };
		38CE151B29EF11C30021CD28 /* HikeGraph.swift in Sources */ = {isa = PBXBuildFile; fileRef = 38CE151729EF11C30021CD28 /* HikeGraph.swift */; };
		38CE151C29EF11C30021CD28 /* HikeDetail.swift in Sources */ = {isa = PBXBuildFile; fileRef = 38CE151829EF11C30021CD28 /* HikeDetail.swift */; };
		38CE151D29EF11C30021CD28 /* HikeView.swift in Sources */ = {isa = PBXBuildFile; fileRef = 38CE151929EF11C30021CD28 /* HikeView.swift */; };
		38CE152029F112FD0021CD28 /* CategoryHome.swift in Sources */ = {isa = PBXBuildFile; fileRef = 38CE151F29F112FD0021CD28 /* CategoryHome.swift */; };
		38CE152229F117570021CD28 /* CategoryRow.swift in Sources */ = {isa = PBXBuildFile; fileRef = 38CE152129F117570021CD28 /* CategoryRow.swift */; };
		38CE152429F119B30021CD28 /* CategoryItem.swift in Sources */ = {isa = PBXBuildFile; fileRef = 38CE152329F119B30021CD28 /* CategoryItem.swift */; };
		38CE152629F122C40021CD28 /* Profile.swift in Sources */ = {isa = PBXBuildFile; fileRef = 38CE152529F122C40021CD28 /* Profile.swift */; };
		38CE152929F1250B0021CD28 /* ProfileHost.swift in Sources */ = {isa = PBXBuildFile; fileRef = 38CE152829F1250B0021CD28 /* ProfileHost.swift */; };
		38CE152B29F125740021CD28 /* ProfileSummary.swift in Sources */ = {isa = PBXBuildFile; fileRef = 38CE152A29F125740021CD28 /* ProfileSummary.swift */; };
		38CE152D29F127260021CD28 /* HikeBadge.swift in Sources */ = {isa = PBXBuildFile; fileRef = 38CE152C29F127260021CD28 /* HikeBadge.swift */; };
		38CE152F29F131330021CD28 /* ProfileEditor.swift in Sources */ = {isa = PBXBuildFile; fileRef = 38CE152E29F131330021CD28 /* ProfileEditor.swift */; };
		38CE153229F1BC7E0021CD28 /* PageViewController.swift in Sources */ = {isa = PBXBuildFile; fileRef = 38CE153129F1BC7E0021CD28 /* PageViewController.swift */; };
		38CE153429F1BFE70021CD28 /* FeatureCard.swift in Sources */ = {isa = PBXBuildFile; fileRef = 38CE153329F1BFE70021CD28 /* FeatureCard.swift */; };
		38CE153629F8FE8E0021CD28 /* PageView.swift in Sources */ = {isa = PBXBuildFile; fileRef = 38CE153529F8FE8E0021CD28 /* PageView.swift */; };
		38CE153829F9F5930021CD28 /* PageControl.swift in Sources */ = {isa = PBXBuildFile; fileRef = 38CE153729F9F5930021CD28 /* PageControl.swift */; };
/* End PBXBuildFile section */

/* Begin PBXFileReference section */
		3809C43C295AA68C00F1E054 /* Landmarks.app */ = {isa = PBXFileReference; explicitFileType = wrapper.application; includeInIndex = 0; path = Landmarks.app; sourceTree = BUILT_PRODUCTS_DIR; };
		3809C43F295AA68C00F1E054 /* LandmarksApp.swift */ = {isa = PBXFileReference; lastKnownFileType = sourcecode.swift; path = LandmarksApp.swift; sourceTree = "<group>"; };
		3809C441295AA68C00F1E054 /* ContentView.swift */ = {isa = PBXFileReference; lastKnownFileType = sourcecode.swift; path = ContentView.swift; sourceTree = "<group>"; };
		3809C443295AA68D00F1E054 /* Assets.xcassets */ = {isa = PBXFileReference; lastKnownFileType = folder.assetcatalog; path = Assets.xcassets; sourceTree = "<group>"; };
		3809C446295AA68D00F1E054 /* Preview Assets.xcassets */ = {isa = PBXFileReference; lastKnownFileType = folder.assetcatalog; path = "Preview Assets.xcassets"; sourceTree = "<group>"; };
		3809C44D295ABC4400F1E054 /* CircleImage.swift */ = {isa = PBXFileReference; lastKnownFileType = sourcecode.swift; path = CircleImage.swift; sourceTree = "<group>"; };
		3809C44F295ABE2D00F1E054 /* MapView.swift */ = {isa = PBXFileReference; lastKnownFileType = sourcecode.swift; path = MapView.swift; sourceTree = "<group>"; };
		3809C451295ACA0000F1E054 /* landmarkData.json */ = {isa = PBXFileReference; fileEncoding = 4; lastKnownFileType = text.json; path = landmarkData.json; sourceTree = "<group>"; };
		3809C453295ACA3F00F1E054 /* Landmark.swift */ = {isa = PBXFileReference; lastKnownFileType = sourcecode.swift; path = Landmark.swift; sourceTree = "<group>"; };
		3809C455295ACD2E00F1E054 /* ModelData.swift */ = {isa = PBXFileReference; lastKnownFileType = sourcecode.swift; path = ModelData.swift; sourceTree = "<group>"; };
		3809C45A295B4A2B00F1E054 /* LandmarkRow.swift */ = {isa = PBXFileReference; lastKnownFileType = sourcecode.swift; path = LandmarkRow.swift; sourceTree = "<group>"; };
		3809C45C295B81EC00F1E054 /* LandmarkList.swift */ = {isa = PBXFileReference; lastKnownFileType = sourcecode.swift; path = LandmarkList.swift; sourceTree = "<group>"; };
		3809C45E295BBB6600F1E054 /* LandmarkDetail.swift */ = {isa = PBXFileReference; lastKnownFileType = sourcecode.swift; path = LandmarkDetail.swift; sourceTree = "<group>"; };
		38CE14FE29EE61EC0021CD28 /* FavoriteButton.swift */ = {isa = PBXFileReference; lastKnownFileType = sourcecode.swift; path = FavoriteButton.swift; sourceTree = "<group>"; };
		38CE150229EE76B00021CD28 /* HexagonParameters.swift */ = {isa = PBXFileReference; lastKnownFileType = sourcecode.swift; path = HexagonParameters.swift; sourceTree = "<group>"; };
		38CE150429EEE9A70021CD28 /* BadgeBackground.swift */ = {isa = PBXFileReference; lastKnownFileType = sourcecode.swift; path = BadgeBackground.swift; sourceTree = "<group>"; };
		38CE150829EEFEA40021CD28 /* BadgeSymbol.swift */ = {isa = PBXFileReference; lastKnownFileType = sourcecode.swift; path = BadgeSymbol.swift; sourceTree = "<group>"; };
		38CE150A29EF08430021CD28 /* RotatedBadgeSymbol.swift */ = {isa = PBXFileReference; lastKnownFileType = sourcecode.swift; path = RotatedBadgeSymbol.swift; sourceTree = "<group>"; };
		38CE150C29EF09150021CD28 /* Badge.swift */ = {isa = PBXFileReference; lastKnownFileType = sourcecode.swift; path = Badge.swift; sourceTree = "<group>"; };
		38CE151129EF0FE80021CD28 /* hikeData.json */ = {isa = PBXFileReference; fileEncoding = 4; lastKnownFileType = text.json; path = hikeData.json; sourceTree = "<group>"; };
		38CE151329EF10360021CD28 /* Hike.swift */ = {isa = PBXFileReference; lastKnownFileType = sourcecode.swift; path = Hike.swift; sourceTree = "<group>"; };
		38CE151629EF11C30021CD28 /* GraphCapsule.swift */ = {isa = PBXFileReference; fileEncoding = 4; lastKnownFileType = sourcecode.swift; path = GraphCapsule.swift; sourceTree = "<group>"; };
		38CE151729EF11C30021CD28 /* HikeGraph.swift */ = {isa = PBXFileReference; fileEncoding = 4; lastKnownFileType = sourcecode.swift; path = HikeGraph.swift; sourceTree = "<group>"; };
		38CE151829EF11C30021CD28 /* HikeDetail.swift */ = {isa = PBXFileReference; fileEncoding = 4; lastKnownFileType = sourcecode.swift; path = HikeDetail.swift; sourceTree = "<group>"; };
		38CE151929EF11C30021CD28 /* HikeView.swift */ = {isa = PBXFileReference; fileEncoding = 4; lastKnownFileType = sourcecode.swift; path = HikeView.swift; sourceTree = "<group>"; };
		38CE151F29F112FD0021CD28 /* CategoryHome.swift */ = {isa = PBXFileReference; lastKnownFileType = sourcecode.swift; path = CategoryHome.swift; sourceTree = "<group>"; };
		38CE152129F117570021CD28 /* CategoryRow.swift */ = {isa = PBXFileReference; lastKnownFileType = sourcecode.swift; path = CategoryRow.swift; sourceTree = "<group>"; };
		38CE152329F119B30021CD28 /* CategoryItem.swift */ = {isa = PBXFileReference; lastKnownFileType = sourcecode.swift; path = CategoryItem.swift; sourceTree = "<group>"; };
		38CE152529F122C40021CD28 /* Profile.swift */ = {isa = PBXFileReference; lastKnownFileType = sourcecode.swift; path = Profile.swift; sourceTree = "<group>"; };
		38CE152829F1250B0021CD28 /* ProfileHost.swift */ = {isa = PBXFileReference; lastKnownFileType = sourcecode.swift; path = ProfileHost.swift; sourceTree = "<group>"; };
		38CE152A29F125740021CD28 /* ProfileSummary.swift */ = {isa = PBXFileReference; lastKnownFileType = sourcecode.swift; path = ProfileSummary.swift; sourceTree = "<group>"; };
		38CE152C29F127260021CD28 /* HikeBadge.swift */ = {isa = PBXFileReference; lastKnownFileType = sourcecode.swift; path = HikeBadge.swift; sourceTree = "<group>"; };
		38CE152E29F131330021CD28 /* ProfileEditor.swift */ = {isa = PBXFileReference; lastKnownFileType = sourcecode.swift; path = ProfileEditor.swift; sourceTree = "<group>"; };
		38CE153129F1BC7E0021CD28 /* PageViewController.swift */ = {isa = PBXFileReference; lastKnownFileType = sourcecode.swift; path = PageViewController.swift; sourceTree = "<group>"; };
		38CE153329F1BFE70021CD28 /* FeatureCard.swift */ = {isa = PBXFileReference; lastKnownFileType = sourcecode.swift; path = FeatureCard.swift; sourceTree = "<group>"; };
		38CE153529F8FE8E0021CD28 /* PageView.swift */ = {isa = PBXFileReference; lastKnownFileType = sourcecode.swift; path = PageView.swift; sourceTree = "<group>"; };
		38CE153729F9F5930021CD28 /* PageControl.swift */ = {isa = PBXFileReference; lastKnownFileType = sourcecode.swift; path = PageControl.swift; sourceTree = "<group>"; };
/* End PBXFileReference section */

/* Begin PBXFrameworksBuildPhase section */
		3809C439295AA68C00F1E054 /* Frameworks */ = {
			isa = PBXFrameworksBuildPhase;
			buildActionMask = 2147483647;
			files = (
			);
			runOnlyForDeploymentPostprocessing = 0;
		};
/* End PBXFrameworksBuildPhase section */

/* Begin PBXGroup section */
		3809C433295AA68C00F1E054 = {
			isa = PBXGroup;
			children = (
				3809C43E295AA68C00F1E054 /* Landmarks */,
				3809C43D295AA68C00F1E054 /* Products */,
			);
			sourceTree = "<group>";
		};
		3809C43D295AA68C00F1E054 /* Products */ = {
			isa = PBXGroup;
			children = (
				3809C43C295AA68C00F1E054 /* Landmarks.app */,
			);
			name = Products;
			sourceTree = "<group>";
		};
		3809C43E295AA68C00F1E054 /* Landmarks */ = {
			isa = PBXGroup;
			children = (
				3809C43F295AA68C00F1E054 /* LandmarksApp.swift */,
				3809C457295AD20600F1E054 /* Views */,
				3809C458295AD22300F1E054 /* Model */,
				3809C459295AD24900F1E054 /* Resources */,
				3809C443295AA68D00F1E054 /* Assets.xcassets */,
				3809C445295AA68D00F1E054 /* Preview Content */,
			);
			path = Landmarks;
			sourceTree = "<group>";
		};
		3809C445295AA68D00F1E054 /* Preview Content */ = {
			isa = PBXGroup;
			children = (
				3809C446295AA68D00F1E054 /* Preview Assets.xcassets */,
			);
			path = "Preview Content";
			sourceTree = "<group>";
		};
		3809C457295AD20600F1E054 /* Views */ = {
			isa = PBXGroup;
			children = (
				3809C441295AA68C00F1E054 /* ContentView.swift */,
				38CE153029F1BC4E0021CD28 /* PageView */,
				38CE152729F124EC0021CD28 /* Profiles */,
				38CE151E29F112E00021CD28 /* Categories */,
				38CE151529EF11C30021CD28 /* Hikes */,
				38CE150E29EF0C700021CD28 /* Badges */,
				38CE150129EE643A0021CD28 /* Helpers */,
				38CE150029EE64150021CD28 /* Landmarks */,
			);
			path = Views;
			sourceTree = "<group>";
		};
		3809C458295AD22300F1E054 /* Model */ = {
			isa = PBXGroup;
			children = (
				3809C453295ACA3F00F1E054 /* Landmark.swift */,
				3809C455295ACD2E00F1E054 /* ModelData.swift */,
				38CE151329EF10360021CD28 /* Hike.swift */,
				38CE152529F122C40021CD28 /* Profile.swift */,
			);
			path = Model;
			sourceTree = "<group>";
		};
		3809C459295AD24900F1E054 /* Resources */ = {
			isa = PBXGroup;
			children = (
				38CE151129EF0FE80021CD28 /* hikeData.json */,
				3809C451295ACA0000F1E054 /* landmarkData.json */,
			);
			path = Resources;
			sourceTree = "<group>";
		};
		38CE150029EE64150021CD28 /* Landmarks */ = {
			isa = PBXGroup;
			children = (
				3809C45E295BBB6600F1E054 /* LandmarkDetail.swift */,
				3809C45C295B81EC00F1E054 /* LandmarkList.swift */,
				3809C45A295B4A2B00F1E054 /* LandmarkRow.swift */,
			);
			path = Landmarks;
			sourceTree = "<group>";
		};
		38CE150129EE643A0021CD28 /* Helpers */ = {
			isa = PBXGroup;
			children = (
				3809C44F295ABE2D00F1E054 /* MapView.swift */,
				38CE14FE29EE61EC0021CD28 /* FavoriteButton.swift */,
				3809C44D295ABC4400F1E054 /* CircleImage.swift */,
			);
			path = Helpers;
			sourceTree = "<group>";
		};
		38CE150E29EF0C700021CD28 /* Badges */ = {
			isa = PBXGroup;
			children = (
				38CE150C29EF09150021CD28 /* Badge.swift */,
				38CE150429EEE9A70021CD28 /* BadgeBackground.swift */,
				38CE150829EEFEA40021CD28 /* BadgeSymbol.swift */,
				38CE150A29EF08430021CD28 /* RotatedBadgeSymbol.swift */,
				38CE150229EE76B00021CD28 /* HexagonParameters.swift */,
			);
			path = Badges;
			sourceTree = "<group>";
		};
		38CE151529EF11C30021CD28 /* Hikes */ = {
			isa = PBXGroup;
			children = (
				38CE151629EF11C30021CD28 /* GraphCapsule.swift */,
				38CE151729EF11C30021CD28 /* HikeGraph.swift */,
				38CE151829EF11C30021CD28 /* HikeDetail.swift */,
				38CE151929EF11C30021CD28 /* HikeView.swift */,
				38CE152C29F127260021CD28 /* HikeBadge.swift */,
			);
			path = Hikes;
			sourceTree = "<group>";
		};
		38CE151E29F112E00021CD28 /* Categories */ = {
			isa = PBXGroup;
			children = (
				38CE151F29F112FD0021CD28 /* CategoryHome.swift */,
				38CE152129F117570021CD28 /* CategoryRow.swift */,
				38CE152329F119B30021CD28 /* CategoryItem.swift */,
			);
			path = Categories;
			sourceTree = "<group>";
		};
		38CE152729F124EC0021CD28 /* Profiles */ = {
			isa = PBXGroup;
			children = (
				38CE152829F1250B0021CD28 /* ProfileHost.swift */,
				38CE152A29F125740021CD28 /* ProfileSummary.swift */,
				38CE152E29F131330021CD28 /* ProfileEditor.swift */,
			);
			path = Profiles;
			sourceTree = "<group>";
		};
		38CE153029F1BC4E0021CD28 /* PageView */ = {
			isa = PBXGroup;
			children = (
				38CE153129F1BC7E0021CD28 /* PageViewController.swift */,
				38CE153329F1BFE70021CD28 /* FeatureCard.swift */,
				38CE153529F8FE8E0021CD28 /* PageView.swift */,
				38CE153729F9F5930021CD28 /* PageControl.swift */,
			);
			path = PageView;
			sourceTree = "<group>";
		};
/* End PBXGroup section */

/* Begin PBXNativeTarget section */
		3809C43B295AA68C00F1E054 /* Landmarks */ = {
			isa = PBXNativeTarget;
			buildConfigurationList = 3809C44A295AA68D00F1E054 /* Build configuration list for PBXNativeTarget "Landmarks" */;
			buildPhases = (
				3809C438295AA68C00F1E054 /* Sources */,
				3809C439295AA68C00F1E054 /* Frameworks */,
				3809C43A295AA68C00F1E054 /* Resources */,
			);
			buildRules = (
			);
			dependencies = (
			);
			name = Landmarks;
			productName = Landmarks;
			productReference = 3809C43C295AA68C00F1E054 /* Landmarks.app */;
			productType = "com.apple.product-type.application";
		};
/* End PBXNativeTarget section */

/* Begin PBXProject section */
		3809C434295AA68C00F1E054 /* Project object */ = {
			isa = PBXProject;
			attributes = {
				BuildIndependentTargetsInParallel = 1;
				LastSwiftUpdateCheck = 1420;
				LastUpgradeCheck = 1420;
				TargetAttributes = {
					3809C43B295AA68C00F1E054 = {
						CreatedOnToolsVersion = 14.2;
					};
				};
			};
			buildConfigurationList = 3809C437295AA68C00F1E054 /* Build configuration list for PBXProject "Landmarks" */;
			compatibilityVersion = "Xcode 14.0";
			developmentRegion = en;
			hasScannedForEncodings = 0;
			knownRegions = (
				en,
				Base,
			);
			mainGroup = 3809C433295AA68C00F1E054;
			productRefGroup = 3809C43D295AA68C00F1E054 /* Products */;
			projectDirPath = "";
			projectRoot = "";
			targets = (
				3809C43B295AA68C00F1E054 /* Landmarks */,
			);
		};
/* End PBXProject section */

/* Begin PBXResourcesBuildPhase section */
		3809C43A295AA68C00F1E054 /* Resources */ = {
			isa = PBXResourcesBuildPhase;
			buildActionMask = 2147483647;
			files = (
				38CE151229EF0FE80021CD28 /* hikeData.json in Resources */,
				3809C447295AA68D00F1E054 /* Preview Assets.xcassets in Resources */,
				3809C444295AA68D00F1E054 /* Assets.xcassets in Resources */,
				3809C452295ACA0000F1E054 /* landmarkData.json in Resources */,
			);
			runOnlyForDeploymentPostprocessing = 0;
		};
/* End PBXResourcesBuildPhase section */

/* Begin PBXSourcesBuildPhase section */
		3809C438295AA68C00F1E054 /* Sources */ = {
			isa = PBXSourcesBuildPhase;
			buildActionMask = 2147483647;
			files = (
				38CE152229F117570021CD28 /* CategoryRow.swift in Sources */,
				38CE152629F122C40021CD28 /* Profile.swift in Sources */,
				3809C442295AA68C00F1E054 /* ContentView.swift in Sources */,
				38CE152029F112FD0021CD28 /* CategoryHome.swift in Sources */,
				38CE153429F1BFE70021CD28 /* FeatureCard.swift in Sources */,
				38CE151B29EF11C30021CD28 /* HikeGraph.swift in Sources */,
				38CE150D29EF09150021CD28 /* Badge.swift in Sources */,
				3809C450295ABE2D00F1E054 /* MapView.swift in Sources */,
				38CE151A29EF11C30021CD28 /* GraphCapsule.swift in Sources */,
				3809C440295AA68C00F1E054 /* LandmarksApp.swift in Sources */,
				38CE153829F9F5930021CD28 /* PageControl.swift in Sources */,
				38CE14FF29EE61EC0021CD28 /* FavoriteButton.swift in Sources */,
				38CE152429F119B30021CD28 /* CategoryItem.swift in Sources */,
				38CE151C29EF11C30021CD28 /* HikeDetail.swift in Sources */,
				38CE152B29F125740021CD28 /* ProfileSummary.swift in Sources */,
				38CE150329EE76B00021CD28 /* HexagonParameters.swift in Sources */,
				38CE152929F1250B0021CD28 /* ProfileHost.swift in Sources */,
				38CE151429EF10360021CD28 /* Hike.swift in Sources */,
				38CE150B29EF08430021CD28 /* RotatedBadgeSymbol.swift in Sources */,
				38CE153629F8FE8E0021CD28 /* PageView.swift in Sources */,
				38CE150929EEFEA40021CD28 /* BadgeSymbol.swift in Sources */,
				38CE152F29F131330021CD28 /* ProfileEditor.swift in Sources */,
				3809C45D295B81EC00F1E054 /* LandmarkList.swift in Sources */,
				38CE151D29EF11C30021CD28 /* HikeView.swift in Sources */,
				3809C45F295BBB6600F1E054 /* LandmarkDetail.swift in Sources */,
				38CE153229F1BC7E0021CD28 /* PageViewController.swift in Sources */,
				38CE150529EEE9A70021CD28 /* BadgeBackground.swift in Sources */,
				38CE152D29F127260021CD28 /* HikeBadge.swift in Sources */,
				3809C44E295ABC4400F1E054 /* CircleImage.swift in Sources */,
				3809C454295ACA3F00F1E054 /* Landmark.swift in Sources */,
				3809C45B295B4A2B00F1E054 /* LandmarkRow.swift in Sources */,
				3809C456295ACD2E00F1E054 /* ModelData.swift in Sources */,
			);
			runOnlyForDeploymentPostprocessing = 0;
		};
/* End PBXSourcesBuildPhase section */

/* Begin XCBuildConfiguration section */
		3809C448295AA68D00F1E054 /* Debug */ = {
			isa = XCBuildConfiguration;
			buildSettings = {
				ALWAYS_SEARCH_USER_PATHS = NO;
				CLANG_ANALYZER_NONNULL = YES;
				CLANG_ANALYZER_NUMBER_OBJECT_CONVERSION = YES_AGGRESSIVE;
				CLANG_CXX_LANGUAGE_STANDARD = "gnu++20";
				CLANG_ENABLE_MODULES = YES;
				CLANG_ENABLE_OBJC_ARC = YES;
				CLANG_ENABLE_OBJC_WEAK = YES;
				CLANG_WARN_BLOCK_CAPTURE_AUTORELEASING = YES;
				CLANG_WARN_BOOL_CONVERSION = YES;
				CLANG_WARN_COMMA = YES;
				CLANG_WARN_CONSTANT_CONVERSION = YES;
				CLANG_WARN_DEPRECATED_OBJC_IMPLEMENTATIONS = YES;
				CLANG_WARN_DIRECT_OBJC_ISA_USAGE = YES_ERROR;
				CLANG_WARN_DOCUMENTATION_COMMENTS = YES;
				CLANG_WARN_EMPTY_BODY = YES;
				CLANG_WARN_ENUM_CONVERSION = YES;
				CLANG_WARN_INFINITE_RECURSION = YES;
				CLANG_WARN_INT_CONVERSION = YES;
				CLANG_WARN_NON_LITERAL_NULL_CONVERSION = YES;
				CLANG_WARN_OBJC_IMPLICIT_RETAIN_SELF = YES;
				CLANG_WARN_OBJC_LITERAL_CONVERSION = YES;
				CLANG_WARN_OBJC_ROOT_CLASS = YES_ERROR;
				CLANG_WARN_QUOTED_INCLUDE_IN_FRAMEWORK_HEADER = YES;
				CLANG_WARN_RANGE_LOOP_ANALYSIS = YES;
				CLANG_WARN_STRICT_PROTOTYPES = YES;
				CLANG_WARN_SUSPICIOUS_MOVE = YES;
				CLANG_WARN_UNGUARDED_AVAILABILITY = YES_AGGRESSIVE;
				CLANG_WARN_UNREACHABLE_CODE = YES;
				CLANG_WARN__DUPLICATE_METHOD_MATCH = YES;
				COPY_PHASE_STRIP = NO;
				DEBUG_INFORMATION_FORMAT = dwarf;
				ENABLE_STRICT_OBJC_MSGSEND = YES;
				ENABLE_TESTABILITY = YES;
				GCC_C_LANGUAGE_STANDARD = gnu11;
				GCC_DYNAMIC_NO_PIC = NO;
				GCC_NO_COMMON_BLOCKS = YES;
				GCC_OPTIMIZATION_LEVEL = 0;
				GCC_PREPROCESSOR_DEFINITIONS = (
					"DEBUG=1",
					"$(inherited)",
				);
				GCC_WARN_64_TO_32_BIT_CONVERSION = YES;
				GCC_WARN_ABOUT_RETURN_TYPE = YES_ERROR;
				GCC_WARN_UNDECLARED_SELECTOR = YES;
				GCC_WARN_UNINITIALIZED_AUTOS = YES_AGGRESSIVE;
				GCC_WARN_UNUSED_FUNCTION = YES;
				GCC_WARN_UNUSED_VARIABLE = YES;
				IPHONEOS_DEPLOYMENT_TARGET = 16.2;
				MTL_ENABLE_DEBUG_INFO = INCLUDE_SOURCE;
				MTL_FAST_MATH = YES;
				ONLY_ACTIVE_ARCH = YES;
				SDKROOT = iphoneos;
				SWIFT_ACTIVE_COMPILATION_CONDITIONS = DEBUG;
				SWIFT_OPTIMIZATION_LEVEL = "-Onone";
			};
			name = Debug;
		};
		3809C449295AA68D00F1E054 /* Release */ = {
			isa = XCBuildConfiguration;
			buildSettings = {
				ALWAYS_SEARCH_USER_PATHS = NO;
				CLANG_ANALYZER_NONNULL = YES;
				CLANG_ANALYZER_NUMBER_OBJECT_CONVERSION = YES_AGGRESSIVE;
				CLANG_CXX_LANGUAGE_STANDARD = "gnu++20";
				CLANG_ENABLE_MODULES = YES;
				CLANG_ENABLE_OBJC_ARC = YES;
				CLANG_ENABLE_OBJC_WEAK = YES;
				CLANG_WARN_BLOCK_CAPTURE_AUTORELEASING = YES;
				CLANG_WARN_BOOL_CONVERSION = YES;
				CLANG_WARN_COMMA = YES;
				CLANG_WARN_CONSTANT_CONVERSION = YES;
				CLANG_WARN_DEPRECATED_OBJC_IMPLEMENTATIONS = YES;
				CLANG_WARN_DIRECT_OBJC_ISA_USAGE = YES_ERROR;
				CLANG_WARN_DOCUMENTATION_COMMENTS = YES;
				CLANG_WARN_EMPTY_BODY = YES;
				CLANG_WARN_ENUM_CONVERSION = YES;
				CLANG_WARN_INFINITE_RECURSION = YES;
				CLANG_WARN_INT_CONVERSION = YES;
				CLANG_WARN_NON_LITERAL_NULL_CONVERSION = YES;
				CLANG_WARN_OBJC_IMPLICIT_RETAIN_SELF = YES;
				CLANG_WARN_OBJC_LITERAL_CONVERSION = YES;
				CLANG_WARN_OBJC_ROOT_CLASS = YES_ERROR;
				CLANG_WARN_QUOTED_INCLUDE_IN_FRAMEWORK_HEADER = YES;
				CLANG_WARN_RANGE_LOOP_ANALYSIS = YES;
				CLANG_WARN_STRICT_PROTOTYPES = YES;
				CLANG_WARN_SUSPICIOUS_MOVE = YES;
				CLANG_WARN_UNGUARDED_AVAILABILITY = YES_AGGRESSIVE;
				CLANG_WARN_UNREACHABLE_CODE = YES;
				CLANG_WARN__DUPLICATE_METHOD_MATCH = YES;
				COPY_PHASE_STRIP = NO;
				DEBUG_INFORMATION_FORMAT = "dwarf-with-dsym";
				ENABLE_NS_ASSERTIONS = NO;
				ENABLE_STRICT_OBJC_MSGSEND = YES;
				GCC_C_LANGUAGE_STANDARD = gnu11;
				GCC_NO_COMMON_BLOCKS = YES;
				GCC_WARN_64_TO_32_BIT_CONVERSION = YES;
				GCC_WARN_ABOUT_RETURN_TYPE = YES_ERROR;
				GCC_WARN_UNDECLARED_SELECTOR = YES;
				GCC_WARN_UNINITIALIZED_AUTOS = YES_AGGRESSIVE;
				GCC_WARN_UNUSED_FUNCTION = YES;
				GCC_WARN_UNUSED_VARIABLE = YES;
				IPHONEOS_DEPLOYMENT_TARGET = 16.2;
				MTL_ENABLE_DEBUG_INFO = NO;
				MTL_FAST_MATH = YES;
				SDKROOT = iphoneos;
				SWIFT_COMPILATION_MODE = wholemodule;
				SWIFT_OPTIMIZATION_LEVEL = "-O";
				VALIDATE_PRODUCT = YES;
			};
			name = Release;
		};
		3809C44B295AA68D00F1E054 /* Debug */ = {
			isa = XCBuildConfiguration;
			buildSettings = {
				ASSETCATALOG_COMPILER_APPICON_NAME = AppIcon;
				ASSETCATALOG_COMPILER_GLOBAL_ACCENT_COLOR_NAME = AccentColor;
				CODE_SIGN_STYLE = Automatic;
				CURRENT_PROJECT_VERSION = 1;
				DEVELOPMENT_ASSET_PATHS = "\"Landmarks/Preview Content\"";
				DEVELOPMENT_TEAM = 72YK33PCPL;
				ENABLE_PREVIEWS = YES;
				GENERATE_INFOPLIST_FILE = YES;
				INFOPLIST_KEY_UIApplicationSceneManifest_Generation = YES;
				INFOPLIST_KEY_UIApplicationSupportsIndirectInputEvents = YES;
				INFOPLIST_KEY_UILaunchScreen_Generation = YES;
				INFOPLIST_KEY_UISupportedInterfaceOrientations_iPad = "UIInterfaceOrientationPortrait UIInterfaceOrientationPortraitUpsideDown UIInterfaceOrientationLandscapeLeft UIInterfaceOrientationLandscapeRight";
				INFOPLIST_KEY_UISupportedInterfaceOrientations_iPhone = "UIInterfaceOrientationPortrait UIInterfaceOrientationLandscapeLeft UIInterfaceOrientationLandscapeRight";
				LD_RUNPATH_SEARCH_PATHS = (
					"$(inherited)",
					"@executable_path/Frameworks",
				);
				MARKETING_VERSION = 1.0;
				PRODUCT_BUNDLE_IDENTIFIER = com.example.Landmarks;
				PRODUCT_NAME = "$(TARGET_NAME)";
				SWIFT_EMIT_LOC_STRINGS = YES;
				SWIFT_VERSION = 5.0;
				TARGETED_DEVICE_FAMILY = "1,2";
			};
			name = Debug;
		};
		3809C44C295AA68D00F1E054 /* Release */ = {
			isa = XCBuildConfiguration;
			buildSettings = {
				ASSETCATALOG_COMPILER_APPICON_NAME = AppIcon;
				ASSETCATALOG_COMPILER_GLOBAL_ACCENT_COLOR_NAME = AccentColor;
				CODE_SIGN_STYLE = Automatic;
				CURRENT_PROJECT_VERSION = 1;
				DEVELOPMENT_ASSET_PATHS = "\"Landmarks/Preview Content\"";
				DEVELOPMENT_TEAM = 72YK33PCPL;
				ENABLE_PREVIEWS = YES;
				GENERATE_INFOPLIST_FILE = YES;
				INFOPLIST_KEY_UIApplicationSceneManifest_Generation = YES;
				INFOPLIST_KEY_UIApplicationSupportsIndirectInputEvents = YES;
				INFOPLIST_KEY_UILaunchScreen_Generation = YES;
				INFOPLIST_KEY_UISupportedInterfaceOrientations_iPad = "UIInterfaceOrientationPortrait UIInterfaceOrientationPortraitUpsideDown UIInterfaceOrientationLandscapeLeft UIInterfaceOrientationLandscapeRight";
				INFOPLIST_KEY_UISupportedInterfaceOrientations_iPhone = "UIInterfaceOrientationPortrait UIInterfaceOrientationLandscapeLeft UIInterfaceOrientationLandscapeRight";
				LD_RUNPATH_SEARCH_PATHS = (
					"$(inherited)",
					"@executable_path/Frameworks",
				);
				MARKETING_VERSION = 1.0;
				PRODUCT_BUNDLE_IDENTIFIER = com.example.Landmarks;
				PRODUCT_NAME = "$(TARGET_NAME)";
				SWIFT_EMIT_LOC_STRINGS = YES;
				SWIFT_VERSION = 5.0;
				TARGETED_DEVICE_FAMILY = "1,2";
			};
			name = Release;
		};
/* End XCBuildConfiguration section */

/* Begin XCConfigurationList section */
		3809C437295AA68C00F1E054 /* Build configuration list for PBXProject "Landmarks" */ = {
			isa = XCConfigurationList;
			buildConfigurations = (
				3809C448295AA68D00F1E054 /* Debug */,
				3809C449295AA68D00F1E054 /* Release */,
			);
			defaultConfigurationIsVisible = 0;
			defaultConfigurationName = Release;
		};
		3809C44A295AA68D00F1E054 /* Build configuration list for PBXNativeTarget "Landmarks" */ = {
			isa = XCConfigurationList;
			buildConfigurations = (
				3809C44B295AA68D00F1E054 /* Debug */,
				3809C44C295AA68D00F1E054 /* Release */,
			);
			defaultConfigurationIsVisible = 0;
			defaultConfigurationName = Release;
		};
/* End XCConfigurationList section */
	};
	rootObject = 3809C434295AA68C00F1E054 /* Project object */;
}
